// !$*UTF8*$!
{
	archiveVersion = 1;
	classes = {
	};
	objectVersion = 51;
	objects = {

/* Begin PBXBuildFile section */
		45C9804B244C0BCA007C1179 /* AppDelegate.swift in Sources */ = {isa = PBXBuildFile; fileRef = 45C9804A244C0BCA007C1179 /* AppDelegate.swift */; };
		45C9804D244C0BCA007C1179 /* SceneDelegate.swift in Sources */ = {isa = PBXBuildFile; fileRef = 45C9804C244C0BCA007C1179 /* SceneDelegate.swift */; };
		45C9804F244C0BCA007C1179 /* ViewController.swift in Sources */ = {isa = PBXBuildFile; fileRef = 45C9804E244C0BCA007C1179 /* ViewController.swift */; };
		45C98052244C0BCA007C1179 /* Main.storyboard in Resources */ = {isa = PBXBuildFile; fileRef = 45C98050244C0BCA007C1179 /* Main.storyboard */; };
		45C98054244C0BCF007C1179 /* Assets.xcassets in Resources */ = {isa = PBXBuildFile; fileRef = 45C98053244C0BCF007C1179 /* Assets.xcassets */; };
		45C98057244C0BCF007C1179 /* LaunchScreen.storyboard in Resources */ = {isa = PBXBuildFile; fileRef = 45C98055244C0BCF007C1179 /* LaunchScreen.storyboard */; };
		45C9805F244C0D94007C1179 /* Todo.swift in Sources */ = {isa = PBXBuildFile; fileRef = 45C9805E244C0D94007C1179 /* Todo.swift */; };
		45C98061244C1683007C1179 /* AddViewController.swift in Sources */ = {isa = PBXBuildFile; fileRef = 45C98060244C1683007C1179 /* AddViewController.swift */; };
		D95926C3B20FE5B786561B87 /* Pods_RealmSwiftTodo.framework in Frameworks */ = {isa = PBXBuildFile; fileRef = EA5690110631D4576B672C0C /* Pods_RealmSwiftTodo.framework */; };
/* End PBXBuildFile section */

/* Begin PBXFileReference section */
		3933FDECF647DCAB8AB43F3E /* Pods-RealmSwiftTodo.release.xcconfig */ = {isa = PBXFileReference; includeInIndex = 1; lastKnownFileType = text.xcconfig; name = "Pods-RealmSwiftTodo.release.xcconfig"; path = "Target Support Files/Pods-RealmSwiftTodo/Pods-RealmSwiftTodo.release.xcconfig"; sourceTree = "<group>"; };
		45C98047244C0BCA007C1179 /* RealmSwiftTodo.app */ = {isa = PBXFileReference; explicitFileType = wrapper.application; includeInIndex = 0; path = RealmSwiftTodo.app; sourceTree = BUILT_PRODUCTS_DIR; };
		45C9804A244C0BCA007C1179 /* AppDelegate.swift */ = {isa = PBXFileReference; lastKnownFileType = sourcecode.swift; path = AppDelegate.swift; sourceTree = "<group>"; };
		45C9804C244C0BCA007C1179 /* SceneDelegate.swift */ = {isa = PBXFileReference; lastKnownFileType = sourcecode.swift; path = SceneDelegate.swift; sourceTree = "<group>"; };
		45C9804E244C0BCA007C1179 /* ViewController.swift */ = {isa = PBXFileReference; lastKnownFileType = sourcecode.swift; path = ViewController.swift; sourceTree = "<group>"; };
		45C98051244C0BCA007C1179 /* Base */ = {isa = PBXFileReference; lastKnownFileType = file.storyboard; name = Base; path = Base.lproj/Main.storyboard; sourceTree = "<group>"; };
		45C98053244C0BCF007C1179 /* Assets.xcassets */ = {isa = PBXFileReference; lastKnownFileType = folder.assetcatalog; path = Assets.xcassets; sourceTree = "<group>"; };
		45C98056244C0BCF007C1179 /* Base */ = {isa = PBXFileReference; lastKnownFileType = file.storyboard; name = Base; path = Base.lproj/LaunchScreen.storyboard; sourceTree = "<group>"; };
		45C98058244C0BCF007C1179 /* Info.plist */ = {isa = PBXFileReference; lastKnownFileType = text.plist.xml; path = Info.plist; sourceTree = "<group>"; };
		45C9805E244C0D94007C1179 /* Todo.swift */ = {isa = PBXFileReference; lastKnownFileType = sourcecode.swift; path = Todo.swift; sourceTree = "<group>"; };
		45C98060244C1683007C1179 /* AddViewController.swift */ = {isa = PBXFileReference; lastKnownFileType = sourcecode.swift; path = AddViewController.swift; sourceTree = "<group>"; };
		A60CDA2760F069035DC77662 /* Pods-RealmSwiftTodo.debug.xcconfig */ = {isa = PBXFileReference; includeInIndex = 1; lastKnownFileType = text.xcconfig; name = "Pods-RealmSwiftTodo.debug.xcconfig"; path = "Target Support Files/Pods-RealmSwiftTodo/Pods-RealmSwiftTodo.debug.xcconfig"; sourceTree = "<group>"; };
		EA5690110631D4576B672C0C /* Pods_RealmSwiftTodo.framework */ = {isa = PBXFileReference; explicitFileType = wrapper.framework; includeInIndex = 0; path = Pods_RealmSwiftTodo.framework; sourceTree = BUILT_PRODUCTS_DIR; };
/* End PBXFileReference section */

/* Begin PBXFrameworksBuildPhase section */
		45C98044244C0BCA007C1179 /* Frameworks */ = {
			isa = PBXFrameworksBuildPhase;
			buildActionMask = 2147483647;
			files = (
				D95926C3B20FE5B786561B87 /* Pods_RealmSwiftTodo.framework in Frameworks */,
			);
			runOnlyForDeploymentPostprocessing = 0;
		};
/* End PBXFrameworksBuildPhase section */

/* Begin PBXGroup section */
		45C9803E244C0BC9007C1179 = {
			isa = PBXGroup;
			children = (
				45C98049244C0BCA007C1179 /* RealmSwiftTodo */,
				45C98048244C0BCA007C1179 /* Products */,
				ED7E69326DD24A0CCB161CAC /* Pods */,
				E8C777A45C9CDFE3B8438EF2 /* Frameworks */,
			);
			sourceTree = "<group>";
		};
		45C98048244C0BCA007C1179 /* Products */ = {
			isa = PBXGroup;
			children = (
				45C98047244C0BCA007C1179 /* RealmSwiftTodo.app */,
			);
			name = Products;
			sourceTree = "<group>";
		};
		45C98049244C0BCA007C1179 /* RealmSwiftTodo */ = {
			isa = PBXGroup;
			children = (
				45C9804A244C0BCA007C1179 /* AppDelegate.swift */,
				45C9804C244C0BCA007C1179 /* SceneDelegate.swift */,
				45C9804E244C0BCA007C1179 /* ViewController.swift */,
				45C9805E244C0D94007C1179 /* Todo.swift */,
				45C98050244C0BCA007C1179 /* Main.storyboard */,
				45C98060244C1683007C1179 /* AddViewController.swift */,
				45C98053244C0BCF007C1179 /* Assets.xcassets */,
				45C98055244C0BCF007C1179 /* LaunchScreen.storyboard */,
				45C98058244C0BCF007C1179 /* Info.plist */,
			);
			path = RealmSwiftTodo;
			sourceTree = "<group>";
		};
		E8C777A45C9CDFE3B8438EF2 /* Frameworks */ = {
			isa = PBXGroup;
			children = (
				EA5690110631D4576B672C0C /* Pods_RealmSwiftTodo.framework */,
			);
			name = Frameworks;
			sourceTree = "<group>";
		};
		ED7E69326DD24A0CCB161CAC /* Pods */ = {
			isa = PBXGroup;
			children = (
				A60CDA2760F069035DC77662 /* Pods-RealmSwiftTodo.debug.xcconfig */,
				3933FDECF647DCAB8AB43F3E /* Pods-RealmSwiftTodo.release.xcconfig */,
			);
			path = Pods;
			sourceTree = "<group>";
		};
/* End PBXGroup section */

/* Begin PBXNativeTarget section */
		45C98046244C0BCA007C1179 /* RealmSwiftTodo */ = {
			isa = PBXNativeTarget;
			buildConfigurationList = 45C9805B244C0BCF007C1179 /* Build configuration list for PBXNativeTarget "RealmSwiftTodo" */;
			buildPhases = (
				E2D0C6A5971954A58591F1BF /* [CP] Check Pods Manifest.lock */,
				45C98043244C0BCA007C1179 /* Sources */,
				45C98044244C0BCA007C1179 /* Frameworks */,
				45C98045244C0BCA007C1179 /* Resources */,
				716A98527A1029BD7B08AC30 /* [CP] Embed Pods Frameworks */,
			);
			buildRules = (
			);
			dependencies = (
			);
			name = RealmSwiftTodo;
			productName = RealmSwiftTodo;
			productReference = 45C98047244C0BCA007C1179 /* RealmSwiftTodo.app */;
			productType = "com.apple.product-type.application";
		};
/* End PBXNativeTarget section */

/* Begin PBXProject section */
		45C9803F244C0BC9007C1179 /* Project object */ = {
			isa = PBXProject;
			attributes = {
				LastSwiftUpdateCheck = 1140;
				LastUpgradeCheck = 1140;
				ORGANIZATIONNAME = "nagisa miura";
				TargetAttributes = {
					45C98046244C0BCA007C1179 = {
						CreatedOnToolsVersion = 11.4;
					};
				};
			};
			buildConfigurationList = 45C98042244C0BC9007C1179 /* Build configuration list for PBXProject "RealmSwiftTodo" */;
			compatibilityVersion = "Xcode 9.3";
			developmentRegion = en;
			hasScannedForEncodings = 0;
			knownRegions = (
				en,
				Base,
			);
			mainGroup = 45C9803E244C0BC9007C1179;
			productRefGroup = 45C98048244C0BCA007C1179 /* Products */;
			projectDirPath = "";
			projectRoot = "";
			targets = (
				45C98046244C0BCA007C1179 /* RealmSwiftTodo */,
			);
		};
/* End PBXProject section */

/* Begin PBXResourcesBuildPhase section */
		45C98045244C0BCA007C1179 /* Resources */ = {
			isa = PBXResourcesBuildPhase;
			buildActionMask = 2147483647;
			files = (
				45C98057244C0BCF007C1179 /* LaunchScreen.storyboard in Resources */,
				45C98054244C0BCF007C1179 /* Assets.xcassets in Resources */,
				45C98052244C0BCA007C1179 /* Main.storyboard in Resources */,
			);
			runOnlyForDeploymentPostprocessing = 0;
		};
/* End PBXResourcesBuildPhase section */

/* Begin PBXShellScriptBuildPhase section */
		716A98527A1029BD7B08AC30 /* [CP] Embed Pods Frameworks */ = {
			isa = PBXShellScriptBuildPhase;
			buildActionMask = 2147483647;
			files = (
			);
			inputFileListPaths = (
				"${PODS_ROOT}/Target Support Files/Pods-RealmSwiftTodo/Pods-RealmSwiftTodo-frameworks-${CONFIGURATION}-input-files.xcfilelist",
			);
			name = "[CP] Embed Pods Frameworks";
			outputFileListPaths = (
				"${PODS_ROOT}/Target Support Files/Pods-RealmSwiftTodo/Pods-RealmSwiftTodo-frameworks-${CONFIGURATION}-output-files.xcfilelist",
			);
			runOnlyForDeploymentPostprocessing = 0;
			shellPath = /bin/sh;
			shellScript = "\"${PODS_ROOT}/Target Support Files/Pods-RealmSwiftTodo/Pods-RealmSwiftTodo-frameworks.sh\"\n";
			showEnvVarsInLog = 0;
		};
		E2D0C6A5971954A58591F1BF /* [CP] Check Pods Manifest.lock */ = {
			isa = PBXShellScriptBuildPhase;
			buildActionMask = 2147483647;
			files = (
			);
			inputFileListPaths = (
			);
			inputPaths = (
				"${PODS_PODFILE_DIR_PATH}/Podfile.lock",
				"${PODS_ROOT}/Manifest.lock",
			);
			name = "[CP] Check Pods Manifest.lock";
			outputFileListPaths = (
			);
			outputPaths = (
				"$(DERIVED_FILE_DIR)/Pods-RealmSwiftTodo-checkManifestLockResult.txt",
			);
			runOnlyForDeploymentPostprocessing = 0;
			shellPath = /bin/sh;
			shellScript = "diff \"${PODS_PODFILE_DIR_PATH}/Podfile.lock\" \"${PODS_ROOT}/Manifest.lock\" > /dev/null\nif [ $? != 0 ] ; then\n    # print error to STDERR\n    echo \"error: The sandbox is not in sync with the Podfile.lock. Run 'pod install' or update your CocoaPods installation.\" >&2\n    exit 1\nfi\n# This output is used by Xcode 'outputs' to avoid re-running this script phase.\necho \"SUCCESS\" > \"${SCRIPT_OUTPUT_FILE_0}\"\n";
			showEnvVarsInLog = 0;
		};
/* End PBXShellScriptBuildPhase section */

/* Begin PBXSourcesBuildPhase section */
		45C98043244C0BCA007C1179 /* Sources */ = {
			isa = PBXSourcesBuildPhase;
			buildActionMask = 2147483647;
			files = (
				45C9804F244C0BCA007C1179 /* ViewController.swift in Sources */,
				45C9804B244C0BCA007C1179 /* AppDelegate.swift in Sources */,
				45C9804D244C0BCA007C1179 /* SceneDelegate.swift in Sources */,
				45C98061244C1683007C1179 /* AddViewController.swift in Sources */,
				45C9805F244C0D94007C1179 /* Todo.swift in Sources */,
			);
			runOnlyForDeploymentPostprocessing = 0;
		};
/* End PBXSourcesBuildPhase section */

/* Begin PBXVariantGroup section */
		45C98050244C0BCA007C1179 /* Main.storyboard */ = {
			isa = PBXVariantGroup;
			children = (
				45C98051244C0BCA007C1179 /* Base */,
			);
			name = Main.storyboard;
			sourceTree = "<group>";
		};
		45C98055244C0BCF007C1179 /* LaunchScreen.storyboard */ = {
			isa = PBXVariantGroup;
			children = (
				45C98056244C0BCF007C1179 /* Base */,
			);
			name = LaunchScreen.storyboard;
			sourceTree = "<group>";
		};
/* End PBXVariantGroup section */

/* Begin XCBuildConfiguration section */
		45C98059244C0BCF007C1179 /* Debug */ = {
			isa = XCBuildConfiguration;
			buildSettings = {
				ALWAYS_SEARCH_USER_PATHS = NO;
				CLANG_ANALYZER_NONNULL = YES;
				CLANG_ANALYZER_NUMBER_OBJECT_CONVERSION = YES_AGGRESSIVE;
				CLANG_CXX_LANGUAGE_STANDARD = "gnu++14";
				CLANG_CXX_LIBRARY = "libc++";
				CLANG_ENABLE_MODULES = YES;
				CLANG_ENABLE_OBJC_ARC = YES;
				CLANG_ENABLE_OBJC_WEAK = YES;
				CLANG_WARN_BLOCK_CAPTURE_AUTORELEASING = YES;
				CLANG_WARN_BOOL_CONVERSION = YES;
				CLANG_WARN_COMMA = YES;
				CLANG_WARN_CONSTANT_CONVERSION = YES;
				CLANG_WARN_DEPRECATED_OBJC_IMPLEMENTATIONS = YES;
				CLANG_WARN_DIRECT_OBJC_ISA_USAGE = YES_ERROR;
				CLANG_WARN_DOCUMENTATION_COMMENTS = YES;
				CLANG_WARN_EMPTY_BODY = YES;
				CLANG_WARN_ENUM_CONVERSION = YES;
				CLANG_WARN_INFINITE_RECURSION = YES;
				CLANG_WARN_INT_CONVERSION = YES;
				CLANG_WARN_NON_LITERAL_NULL_CONVERSION = YES;
				CLANG_WARN_OBJC_IMPLICIT_RETAIN_SELF = YES;
				CLANG_WARN_OBJC_LITERAL_CONVERSION = YES;
				CLANG_WARN_OBJC_ROOT_CLASS = YES_ERROR;
				CLANG_WARN_RANGE_LOOP_ANALYSIS = YES;
				CLANG_WARN_STRICT_PROTOTYPES = YES;
				CLANG_WARN_SUSPICIOUS_MOVE = YES;
				CLANG_WARN_UNGUARDED_AVAILABILITY = YES_AGGRESSIVE;
				CLANG_WARN_UNREACHABLE_CODE = YES;
				CLANG_WARN__DUPLICATE_METHOD_MATCH = YES;
				COPY_PHASE_STRIP = NO;
				DEBUG_INFORMATION_FORMAT = dwarf;
				ENABLE_STRICT_OBJC_MSGSEND = YES;
				ENABLE_TESTABILITY = YES;
				GCC_C_LANGUAGE_STANDARD = gnu11;
				GCC_DYNAMIC_NO_PIC = NO;
				GCC_NO_COMMON_BLOCKS = YES;
				GCC_OPTIMIZATION_LEVEL = 0;
				GCC_PREPROCESSOR_DEFINITIONS = (
					"DEBUG=1",
					"$(inherited)",
				);
				GCC_WARN_64_TO_32_BIT_CONVERSION = YES;
				GCC_WARN_ABOUT_RETURN_TYPE = YES_ERROR;
				GCC_WARN_UNDECLARED_SELECTOR = YES;
				GCC_WARN_UNINITIALIZED_AUTOS = YES_AGGRESSIVE;
				GCC_WARN_UNUSED_FUNCTION = YES;
				GCC_WARN_UNUSED_VARIABLE = YES;
				IPHONEOS_DEPLOYMENT_TARGET = 13.4;
				MTL_ENABLE_DEBUG_INFO = INCLUDE_SOURCE;
				MTL_FAST_MATH = YES;
				ONLY_ACTIVE_ARCH = YES;
				SDKROOT = iphoneos;
				SWIFT_ACTIVE_COMPILATION_CONDITIONS = DEBUG;
				SWIFT_OPTIMIZATION_LEVEL = "-Onone";
			};
			name = Debug;
		};
		45C9805A244C0BCF007C1179 /* Release */ = {
			isa = XCBuildConfiguration;
			buildSettings = {
				ALWAYS_SEARCH_USER_PATHS = NO;
				CLANG_ANALYZER_NONNULL = YES;
				CLANG_ANALYZER_NUMBER_OBJECT_CONVERSION = YES_AGGRESSIVE;
				CLANG_CXX_LANGUAGE_STANDARD = "gnu++14";
				CLANG_CXX_LIBRARY = "libc++";
				CLANG_ENABLE_MODULES = YES;
				CLANG_ENABLE_OBJC_ARC = YES;
				CLANG_ENABLE_OBJC_WEAK = YES;
				CLANG_WARN_BLOCK_CAPTURE_AUTORELEASING = YES;
				CLANG_WARN_BOOL_CONVERSION = YES;
				CLANG_WARN_COMMA = YES;
				CLANG_WARN_CONSTANT_CONVERSION = YES;
				CLANG_WARN_DEPRECATED_OBJC_IMPLEMENTATIONS = YES;
				CLANG_WARN_DIRECT_OBJC_ISA_USAGE = YES_ERROR;
				CLANG_WARN_DOCUMENTATION_COMMENTS = YES;
				CLANG_WARN_EMPTY_BODY = YES;
				CLANG_WARN_ENUM_CONVERSION = YES;
				CLANG_WARN_INFINITE_RECURSION = YES;
				CLANG_WARN_INT_CONVERSION = YES;
				CLANG_WARN_NON_LITERAL_NULL_CONVERSION = YES;
				CLANG_WARN_OBJC_IMPLICIT_RETAIN_SELF = YES;
				CLANG_WARN_OBJC_LITERAL_CONVERSION = YES;
				CLANG_WARN_OBJC_ROOT_CLASS = YES_ERROR;
				CLANG_WARN_RANGE_LOOP_ANALYSIS = YES;
				CLANG_WARN_STRICT_PROTOTYPES = YES;
				CLANG_WARN_SUSPICIOUS_MOVE = YES;
				CLANG_WARN_UNGUARDED_AVAILABILITY = YES_AGGRESSIVE;
				CLANG_WARN_UNREACHABLE_CODE = YES;
				CLANG_WARN__DUPLICATE_METHOD_MATCH = YES;
				COPY_PHASE_STRIP = NO;
				DEBUG_INFORMATION_FORMAT = "dwarf-with-dsym";
				ENABLE_NS_ASSERTIONS = NO;
				ENABLE_STRICT_OBJC_MSGSEND = YES;
				GCC_C_LANGUAGE_STANDARD = gnu11;
				GCC_NO_COMMON_BLOCKS = YES;
				GCC_WARN_64_TO_32_BIT_CONVERSION = YES;
				GCC_WARN_ABOUT_RETURN_TYPE = YES_ERROR;
				GCC_WARN_UNDECLARED_SELECTOR = YES;
				GCC_WARN_UNINITIALIZED_AUTOS = YES_AGGRESSIVE;
				GCC_WARN_UNUSED_FUNCTION = YES;
				GCC_WARN_UNUSED_VARIABLE = YES;
				IPHONEOS_DEPLOYMENT_TARGET = 13.4;
				MTL_ENABLE_DEBUG_INFO = NO;
				MTL_FAST_MATH = YES;
				SDKROOT = iphoneos;
				SWIFT_COMPILATION_MODE = wholemodule;
				SWIFT_OPTIMIZATION_LEVEL = "-O";
				VALIDATE_PRODUCT = YES;
			};
			name = Release;
		};
		45C9805C244C0BCF007C1179 /* Debug */ = {
			isa = XCBuildConfiguration;
			baseConfigurationReference = A60CDA2760F069035DC77662 /* Pods-RealmSwiftTodo.debug.xcconfig */;
			buildSettings = {
				ASSETCATALOG_COMPILER_APPICON_NAME = AppIcon;
				CODE_SIGN_STYLE = Automatic;
				INFOPLIST_FILE = RealmSwiftTodo/Info.plist;
				LD_RUNPATH_SEARCH_PATHS = (
					"$(inherited)",
					"@executable_path/Frameworks",
				);
				PRODUCT_BUNDLE_IDENTIFIER = com.nagisa.RealmSwiftTodo;
				PRODUCT_NAME = "$(TARGET_NAME)";
				SWIFT_VERSION = 5.0;
				TARGETED_DEVICE_FAMILY = "1,2";
			};
			name = Debug;
		};
		45C9805D244C0BCF007C1179 /* Release */ = {
			isa = XCBuildConfiguration;
			baseConfigurationReference = 3933FDECF647DCAB8AB43F3E /* Pods-RealmSwiftTodo.release.xcconfig */;
			buildSettings = {
				ASSETCATALOG_COMPILER_APPICON_NAME = AppIcon;
				CODE_SIGN_STYLE = Automatic;
				INFOPLIST_FILE = RealmSwiftTodo/Info.plist;
				LD_RUNPATH_SEARCH_PATHS = (
					"$(inherited)",
					"@executable_path/Frameworks",
				);
				PRODUCT_BUNDLE_IDENTIFIER = com.nagisa.RealmSwiftTodo;
				PRODUCT_NAME = "$(TARGET_NAME)";
				SWIFT_VERSION = 5.0;
				TARGETED_DEVICE_FAMILY = "1,2";
			};
			name = Release;
		};
/* End XCBuildConfiguration section */

/* Begin XCConfigurationList section */
		45C98042244C0BC9007C1179 /* Build configuration list for PBXProject "RealmSwiftTodo" */ = {
			isa = XCConfigurationList;
			buildConfigurations = (
				45C98059244C0BCF007C1179 /* Debug */,
				45C9805A244C0BCF007C1179 /* Release */,
			);
			defaultConfigurationIsVisible = 0;
			defaultConfigurationName = Release;
		};
		45C9805B244C0BCF007C1179 /* Build configuration list for PBXNativeTarget "RealmSwiftTodo" */ = {
			isa = XCConfigurationList;
			buildConfigurations = (
				45C9805C244C0BCF007C1179 /* Debug */,
				45C9805D244C0BCF007C1179 /* Release */,
			);
			defaultConfigurationIsVisible = 0;
			defaultConfigurationName = Release;
		};
/* End XCConfigurationList section */
	};
	rootObject = 45C9803F244C0BC9007C1179 /* Project object */;
}
